// !$*UTF8*$!
{
	archiveVersion = 1;
	classes = {
	};
	objectVersion = 55;
	objects = {

/* Begin PBXBuildFile section */
		D4E7E3ED288E998A00F6203E /* NavigationBarBtn.swift in Sources */ = {isa = PBXBuildFile; fileRef = D4E7E3EC288E998A00F6203E /* NavigationBarBtn.swift */; };
		D4E7E3EF288FE6EC00F6203E /* AssetMenu.swift in Sources */ = {isa = PBXBuildFile; fileRef = D4E7E3EE288FE6EC00F6203E /* AssetMenu.swift */; };
		D4E7E3F1288FEA5400F6203E /* AssetMenuBtnStyle.swift in Sources */ = {isa = PBXBuildFile; fileRef = D4E7E3F0288FEA5400F6203E /* AssetMenuBtnStyle.swift */; };
		D4E7E3F3288FEC8D00F6203E /* AssetMenuGridView.swift in Sources */ = {isa = PBXBuildFile; fileRef = D4E7E3F2288FEC8D00F6203E /* AssetMenuGridView.swift */; };
		D4E7E3F5288FF19300F6203E /* AssetView.swift in Sources */ = {isa = PBXBuildFile; fileRef = D4E7E3F4288FF19300F6203E /* AssetView.swift */; };
		D4E7E415289136EA00F6203E /* AssetBanner.swift in Sources */ = {isa = PBXBuildFile; fileRef = D4E7E414289136EA00F6203E /* AssetBanner.swift */; };
		D4E7E4182891375100F6203E /* BannerCard.swift in Sources */ = {isa = PBXBuildFile; fileRef = D4E7E4172891375100F6203E /* BannerCard.swift */; };
		D4E7E41B28913A0200F6203E /* PageVC.swift in Sources */ = {isa = PBXBuildFile; fileRef = D4E7E41A28913A0200F6203E /* PageVC.swift */; };
		D4E7E41D289145B000F6203E /* PageControl.swift in Sources */ = {isa = PBXBuildFile; fileRef = D4E7E41C289145B000F6203E /* PageControl.swift */; };
		D4E7E41F289146FB00F6203E /* AssetBannerView.swift in Sources */ = {isa = PBXBuildFile; fileRef = D4E7E41E289146FB00F6203E /* AssetBannerView.swift */; };
		D4E7E4242892889D00F6203E /* assets.json in Resources */ = {isa = PBXBuildFile; fileRef = D4E7E4232892889D00F6203E /* assets.json */; };
		D4E7E4262892890900F6203E /* Asset.swift in Sources */ = {isa = PBXBuildFile; fileRef = D4E7E4252892890900F6203E /* Asset.swift */; };
		D4E7E428289289D700F6203E /* AssetSummaryData.swift in Sources */ = {isa = PBXBuildFile; fileRef = D4E7E427289289D700F6203E /* AssetSummaryData.swift */; };
		D4E7E42C2892968000F6203E /* AssetSectionView.swift in Sources */ = {isa = PBXBuildFile; fileRef = D4E7E42B2892968000F6203E /* AssetSectionView.swift */; };
		D4E7E42E289298DF00F6203E /* AssetSummaryView.swift in Sources */ = {isa = PBXBuildFile; fileRef = D4E7E42D289298DF00F6203E /* AssetSummaryView.swift */; };
		D4E7E43328929AE500F6203E /* AssetSectionHeaderView.swift in Sources */ = {isa = PBXBuildFile; fileRef = D4E7E43228929AE500F6203E /* AssetSectionHeaderView.swift */; };
		D4ED7BE7288E940D00806A4F /* TWO_MyAssetsApp.swift in Sources */ = {isa = PBXBuildFile; fileRef = D4ED7BE6288E940D00806A4F /* TWO_MyAssetsApp.swift */; };
		D4ED7BE9288E940D00806A4F /* ContentView.swift in Sources */ = {isa = PBXBuildFile; fileRef = D4ED7BE8288E940D00806A4F /* ContentView.swift */; };
		D4ED7BEB288E941000806A4F /* Assets.xcassets in Resources */ = {isa = PBXBuildFile; fileRef = D4ED7BEA288E941000806A4F /* Assets.xcassets */; };
		D4ED7BEE288E941000806A4F /* Preview Assets.xcassets in Resources */ = {isa = PBXBuildFile; fileRef = D4ED7BED288E941000806A4F /* Preview Assets.xcassets */; };
/* End PBXBuildFile section */

/* Begin PBXFileReference section */
		D4E7E3EC288E998A00F6203E /* NavigationBarBtn.swift */ = {isa = PBXFileReference; lastKnownFileType = sourcecode.swift; path = NavigationBarBtn.swift; sourceTree = "<group>"; };
		D4E7E3EE288FE6EC00F6203E /* AssetMenu.swift */ = {isa = PBXFileReference; lastKnownFileType = sourcecode.swift; path = AssetMenu.swift; sourceTree = "<group>"; };
		D4E7E3F0288FEA5400F6203E /* AssetMenuBtnStyle.swift */ = {isa = PBXFileReference; lastKnownFileType = sourcecode.swift; path = AssetMenuBtnStyle.swift; sourceTree = "<group>"; };
		D4E7E3F2288FEC8D00F6203E /* AssetMenuGridView.swift */ = {isa = PBXFileReference; lastKnownFileType = sourcecode.swift; path = AssetMenuGridView.swift; sourceTree = "<group>"; };
		D4E7E3F4288FF19300F6203E /* AssetView.swift */ = {isa = PBXFileReference; lastKnownFileType = sourcecode.swift; path = AssetView.swift; sourceTree = "<group>"; };
		D4E7E414289136EA00F6203E /* AssetBanner.swift */ = {isa = PBXFileReference; lastKnownFileType = sourcecode.swift; path = AssetBanner.swift; sourceTree = "<group>"; };
		D4E7E4172891375100F6203E /* BannerCard.swift */ = {isa = PBXFileReference; lastKnownFileType = sourcecode.swift; path = BannerCard.swift; sourceTree = "<group>"; };
		D4E7E41A28913A0200F6203E /* PageVC.swift */ = {isa = PBXFileReference; lastKnownFileType = sourcecode.swift; path = PageVC.swift; sourceTree = "<group>"; };
		D4E7E41C289145B000F6203E /* PageControl.swift */ = {isa = PBXFileReference; lastKnownFileType = sourcecode.swift; path = PageControl.swift; sourceTree = "<group>"; };
		D4E7E41E289146FB00F6203E /* AssetBannerView.swift */ = {isa = PBXFileReference; lastKnownFileType = sourcecode.swift; path = AssetBannerView.swift; sourceTree = "<group>"; };
		D4E7E4232892889D00F6203E /* assets.json */ = {isa = PBXFileReference; fileEncoding = 4; lastKnownFileType = text.json; path = assets.json; sourceTree = "<group>"; };
		D4E7E4252892890900F6203E /* Asset.swift */ = {isa = PBXFileReference; lastKnownFileType = sourcecode.swift; path = Asset.swift; sourceTree = "<group>"; };
		D4E7E427289289D700F6203E /* AssetSummaryData.swift */ = {isa = PBXFileReference; lastKnownFileType = sourcecode.swift; path = AssetSummaryData.swift; sourceTree = "<group>"; };
		D4E7E42B2892968000F6203E /* AssetSectionView.swift */ = {isa = PBXFileReference; lastKnownFileType = sourcecode.swift; path = AssetSectionView.swift; sourceTree = "<group>"; };
		D4E7E42D289298DF00F6203E /* AssetSummaryView.swift */ = {isa = PBXFileReference; lastKnownFileType = sourcecode.swift; path = AssetSummaryView.swift; sourceTree = "<group>"; };
		D4E7E43228929AE500F6203E /* AssetSectionHeaderView.swift */ = {isa = PBXFileReference; fileEncoding = 4; lastKnownFileType = sourcecode.swift; path = AssetSectionHeaderView.swift; sourceTree = "<group>"; };
		D4ED7BE3288E940D00806A4F /* TWO_MyAssets.app */ = {isa = PBXFileReference; explicitFileType = wrapper.application; includeInIndex = 0; path = TWO_MyAssets.app; sourceTree = BUILT_PRODUCTS_DIR; };
		D4ED7BE6288E940D00806A4F /* TWO_MyAssetsApp.swift */ = {isa = PBXFileReference; lastKnownFileType = sourcecode.swift; path = TWO_MyAssetsApp.swift; sourceTree = "<group>"; };
		D4ED7BE8288E940D00806A4F /* ContentView.swift */ = {isa = PBXFileReference; lastKnownFileType = sourcecode.swift; path = ContentView.swift; sourceTree = "<group>"; };
		D4ED7BEA288E941000806A4F /* Assets.xcassets */ = {isa = PBXFileReference; lastKnownFileType = folder.assetcatalog; path = Assets.xcassets; sourceTree = "<group>"; };
		D4ED7BED288E941000806A4F /* Preview Assets.xcassets */ = {isa = PBXFileReference; lastKnownFileType = folder.assetcatalog; path = "Preview Assets.xcassets"; sourceTree = "<group>"; };
/* End PBXFileReference section */

/* Begin PBXFrameworksBuildPhase section */
		D4ED7BE0288E940D00806A4F /* Frameworks */ = {
			isa = PBXFrameworksBuildPhase;
			buildActionMask = 2147483647;
			files = (
			);
			runOnlyForDeploymentPostprocessing = 0;
		};
/* End PBXFrameworksBuildPhase section */

/* Begin PBXGroup section */
		D4E7E416289136F900F6203E /* Entities */ = {
			isa = PBXGroup;
			children = (
				D4E7E414289136EA00F6203E /* AssetBanner.swift */,
				D4E7E3EE288FE6EC00F6203E /* AssetMenu.swift */,
				D4E7E4252892890900F6203E /* Asset.swift */,
			);
			path = Entities;
			sourceTree = "<group>";
		};
		D4E7E4192891376700F6203E /* AssetMenu */ = {
			isa = PBXGroup;
			children = (
				D4E7E4202891471000F6203E /* AssetBannerView */,
				D4E7E3F0288FEA5400F6203E /* AssetMenuBtnStyle.swift */,
				D4E7E3F2288FEC8D00F6203E /* AssetMenuGridView.swift */,
			);
			name = AssetMenu;
			sourceTree = "<group>";
		};
		D4E7E4202891471000F6203E /* AssetBannerView */ = {
			isa = PBXGroup;
			children = (
				D4E7E41A28913A0200F6203E /* PageVC.swift */,
				D4E7E41C289145B000F6203E /* PageControl.swift */,
				D4E7E41E289146FB00F6203E /* AssetBannerView.swift */,
			);
			path = AssetBannerView;
			sourceTree = "<group>";
		};
		D4E7E42F289299AE00F6203E /* AssetSummaryView */ = {
			isa = PBXGroup;
			children = (
				D4E7E427289289D700F6203E /* AssetSummaryData.swift */,
				D4E7E42B2892968000F6203E /* AssetSectionView.swift */,
				D4E7E42D289298DF00F6203E /* AssetSummaryView.swift */,
				D4E7E43228929AE500F6203E /* AssetSectionHeaderView.swift */,
			);
			path = AssetSummaryView;
			sourceTree = "<group>";
		};
		D4ED7BDA288E940D00806A4F = {
			isa = PBXGroup;
			children = (
				D4ED7BE5288E940D00806A4F /* TWO_MyAssets */,
				D4ED7BE4288E940D00806A4F /* Products */,
			);
			sourceTree = "<group>";
		};
		D4ED7BE4288E940D00806A4F /* Products */ = {
			isa = PBXGroup;
			children = (
				D4ED7BE3288E940D00806A4F /* TWO_MyAssets.app */,
			);
			name = Products;
			sourceTree = "<group>";
		};
		D4ED7BE5288E940D00806A4F /* TWO_MyAssets */ = {
			isa = PBXGroup;
			children = (
				D4E7E416289136F900F6203E /* Entities */,
				D4E7E4192891376700F6203E /* AssetMenu */,
				D4E7E4172891375100F6203E /* BannerCard.swift */,
				D4ED7BE6288E940D00806A4F /* TWO_MyAssetsApp.swift */,
				D4ED7BE8288E940D00806A4F /* ContentView.swift */,
				D4E7E42F289299AE00F6203E /* AssetSummaryView */,
				D4E7E3F4288FF19300F6203E /* AssetView.swift */,
				D4E7E3EC288E998A00F6203E /* NavigationBarBtn.swift */,
				D4E7E4232892889D00F6203E /* assets.json */,
				D4ED7BEA288E941000806A4F /* Assets.xcassets */,
				D4ED7BEC288E941000806A4F /* Preview Content */,
			);
			path = TWO_MyAssets;
			sourceTree = "<group>";
		};
		D4ED7BEC288E941000806A4F /* Preview Content */ = {
			isa = PBXGroup;
			children = (
				D4ED7BED288E941000806A4F /* Preview Assets.xcassets */,
			);
			path = "Preview Content";
			sourceTree = "<group>";
		};
/* End PBXGroup section */

/* Begin PBXNativeTarget section */
		D4ED7BE2288E940D00806A4F /* TWO_MyAssets */ = {
			isa = PBXNativeTarget;
			buildConfigurationList = D4ED7BF1288E941000806A4F /* Build configuration list for PBXNativeTarget "TWO_MyAssets" */;
			buildPhases = (
				D4ED7BDF288E940D00806A4F /* Sources */,
				D4ED7BE0288E940D00806A4F /* Frameworks */,
				D4ED7BE1288E940D00806A4F /* Resources */,
			);
			buildRules = (
			);
			dependencies = (
			);
			name = TWO_MyAssets;
			productName = TWO_MyAssets;
			productReference = D4ED7BE3288E940D00806A4F /* TWO_MyAssets.app */;
			productType = "com.apple.product-type.application";
		};
/* End PBXNativeTarget section */

/* Begin PBXProject section */
		D4ED7BDB288E940D00806A4F /* Project object */ = {
			isa = PBXProject;
			attributes = {
				BuildIndependentTargetsInParallel = 1;
				LastSwiftUpdateCheck = 1320;
				LastUpgradeCheck = 1320;
				TargetAttributes = {
					D4ED7BE2288E940D00806A4F = {
						CreatedOnToolsVersion = 13.2.1;
					};
				};
			};
			buildConfigurationList = D4ED7BDE288E940D00806A4F /* Build configuration list for PBXProject "TWO_MyAssets" */;
			compatibilityVersion = "Xcode 13.0";
			developmentRegion = en;
			hasScannedForEncodings = 0;
			knownRegions = (
				en,
				Base,
			);
			mainGroup = D4ED7BDA288E940D00806A4F;
			productRefGroup = D4ED7BE4288E940D00806A4F /* Products */;
			projectDirPath = "";
			projectRoot = "";
			targets = (
				D4ED7BE2288E940D00806A4F /* TWO_MyAssets */,
			);
		};
/* End PBXProject section */

/* Begin PBXResourcesBuildPhase section */
		D4ED7BE1288E940D00806A4F /* Resources */ = {
			isa = PBXResourcesBuildPhase;
			buildActionMask = 2147483647;
			files = (
				D4E7E4242892889D00F6203E /* assets.json in Resources */,
				D4ED7BEE288E941000806A4F /* Preview Assets.xcassets in Resources */,
				D4ED7BEB288E941000806A4F /* Assets.xcassets in Resources */,
			);
			runOnlyForDeploymentPostprocessing = 0;
		};
/* End PBXResourcesBuildPhase section */

/* Begin PBXSourcesBuildPhase section */
		D4ED7BDF288E940D00806A4F /* Sources */ = {
			isa = PBXSourcesBuildPhase;
			buildActionMask = 2147483647;
			files = (
				D4E7E43328929AE500F6203E /* AssetSectionHeaderView.swift in Sources */,
				D4E7E3F3288FEC8D00F6203E /* AssetMenuGridView.swift in Sources */,
				D4E7E42C2892968000F6203E /* AssetSectionView.swift in Sources */,
				D4E7E4262892890900F6203E /* Asset.swift in Sources */,
				D4E7E41B28913A0200F6203E /* PageVC.swift in Sources */,
				D4E7E428289289D700F6203E /* AssetSummaryData.swift in Sources */,
				D4E7E42E289298DF00F6203E /* AssetSummaryView.swift in Sources */,
				D4E7E3ED288E998A00F6203E /* NavigationBarBtn.swift in Sources */,
				D4E7E415289136EA00F6203E /* AssetBanner.swift in Sources */,
				D4E7E3F5288FF19300F6203E /* AssetView.swift in Sources */,
				D4E7E3F1288FEA5400F6203E /* AssetMenuBtnStyle.swift in Sources */,
				D4ED7BE9288E940D00806A4F /* ContentView.swift in Sources */,
				D4ED7BE7288E940D00806A4F /* TWO_MyAssetsApp.swift in Sources */,
				D4E7E41D289145B000F6203E /* PageControl.swift in Sources */,
				D4E7E41F289146FB00F6203E /* AssetBannerView.swift in Sources */,
				D4E7E4182891375100F6203E /* BannerCard.swift in Sources */,
				D4E7E3EF288FE6EC00F6203E /* AssetMenu.swift in Sources */,
			);
			runOnlyForDeploymentPostprocessing = 0;
		};
/* End PBXSourcesBuildPhase section */

/* Begin XCBuildConfiguration section */
		D4ED7BEF288E941000806A4F /* Debug */ = {
			isa = XCBuildConfiguration;
			buildSettings = {
				ALWAYS_SEARCH_USER_PATHS = NO;
				CLANG_ANALYZER_NONNULL = YES;
				CLANG_ANALYZER_NUMBER_OBJECT_CONVERSION = YES_AGGRESSIVE;
				CLANG_CXX_LANGUAGE_STANDARD = "gnu++17";
				CLANG_CXX_LIBRARY = "libc++";
				CLANG_ENABLE_MODULES = YES;
				CLANG_ENABLE_OBJC_ARC = YES;
				CLANG_ENABLE_OBJC_WEAK = YES;
				CLANG_WARN_BLOCK_CAPTURE_AUTORELEASING = YES;
				CLANG_WARN_BOOL_CONVERSION = YES;
				CLANG_WARN_COMMA = YES;
				CLANG_WARN_CONSTANT_CONVERSION = YES;
				CLANG_WARN_DEPRECATED_OBJC_IMPLEMENTATIONS = YES;
				CLANG_WARN_DIRECT_OBJC_ISA_USAGE = YES_ERROR;
				CLANG_WARN_DOCUMENTATION_COMMENTS = YES;
				CLANG_WARN_EMPTY_BODY = YES;
				CLANG_WARN_ENUM_CONVERSION = YES;
				CLANG_WARN_INFINITE_RECURSION = YES;
				CLANG_WARN_INT_CONVERSION = YES;
				CLANG_WARN_NON_LITERAL_NULL_CONVERSION = YES;
				CLANG_WARN_OBJC_IMPLICIT_RETAIN_SELF = YES;
				CLANG_WARN_OBJC_LITERAL_CONVERSION = YES;
				CLANG_WARN_OBJC_ROOT_CLASS = YES_ERROR;
				CLANG_WARN_QUOTED_INCLUDE_IN_FRAMEWORK_HEADER = YES;
				CLANG_WARN_RANGE_LOOP_ANALYSIS = YES;
				CLANG_WARN_STRICT_PROTOTYPES = YES;
				CLANG_WARN_SUSPICIOUS_MOVE = YES;
				CLANG_WARN_UNGUARDED_AVAILABILITY = YES_AGGRESSIVE;
				CLANG_WARN_UNREACHABLE_CODE = YES;
				CLANG_WARN__DUPLICATE_METHOD_MATCH = YES;
				COPY_PHASE_STRIP = NO;
				DEBUG_INFORMATION_FORMAT = dwarf;
				ENABLE_STRICT_OBJC_MSGSEND = YES;
				ENABLE_TESTABILITY = YES;
				GCC_C_LANGUAGE_STANDARD = gnu11;
				GCC_DYNAMIC_NO_PIC = NO;
				GCC_NO_COMMON_BLOCKS = YES;
				GCC_OPTIMIZATION_LEVEL = 0;
				GCC_PREPROCESSOR_DEFINITIONS = (
					"DEBUG=1",
					"$(inherited)",
				);
				GCC_WARN_64_TO_32_BIT_CONVERSION = YES;
				GCC_WARN_ABOUT_RETURN_TYPE = YES_ERROR;
				GCC_WARN_UNDECLARED_SELECTOR = YES;
				GCC_WARN_UNINITIALIZED_AUTOS = YES_AGGRESSIVE;
				GCC_WARN_UNUSED_FUNCTION = YES;
				GCC_WARN_UNUSED_VARIABLE = YES;
				IPHONEOS_DEPLOYMENT_TARGET = 15.2;
				MTL_ENABLE_DEBUG_INFO = INCLUDE_SOURCE;
				MTL_FAST_MATH = YES;
				ONLY_ACTIVE_ARCH = YES;
				SDKROOT = iphoneos;
				SWIFT_ACTIVE_COMPILATION_CONDITIONS = DEBUG;
				SWIFT_OPTIMIZATION_LEVEL = "-Onone";
			};
			name = Debug;
		};
		D4ED7BF0288E941000806A4F /* Release */ = {
			isa = XCBuildConfiguration;
			buildSettings = {
				ALWAYS_SEARCH_USER_PATHS = NO;
				CLANG_ANALYZER_NONNULL = YES;
				CLANG_ANALYZER_NUMBER_OBJECT_CONVERSION = YES_AGGRESSIVE;
				CLANG_CXX_LANGUAGE_STANDARD = "gnu++17";
				CLANG_CXX_LIBRARY = "libc++";
				CLANG_ENABLE_MODULES = YES;
				CLANG_ENABLE_OBJC_ARC = YES;
				CLANG_ENABLE_OBJC_WEAK = YES;
				CLANG_WARN_BLOCK_CAPTURE_AUTORELEASING = YES;
				CLANG_WARN_BOOL_CONVERSION = YES;
				CLANG_WARN_COMMA = YES;
				CLANG_WARN_CONSTANT_CONVERSION = YES;
				CLANG_WARN_DEPRECATED_OBJC_IMPLEMENTATIONS = YES;
				CLANG_WARN_DIRECT_OBJC_ISA_USAGE = YES_ERROR;
				CLANG_WARN_DOCUMENTATION_COMMENTS = YES;
				CLANG_WARN_EMPTY_BODY = YES;
				CLANG_WARN_ENUM_CONVERSION = YES;
				CLANG_WARN_INFINITE_RECURSION = YES;
				CLANG_WARN_INT_CONVERSION = YES;
				CLANG_WARN_NON_LITERAL_NULL_CONVERSION = YES;
				CLANG_WARN_OBJC_IMPLICIT_RETAIN_SELF = YES;
				CLANG_WARN_OBJC_LITERAL_CONVERSION = YES;
				CLANG_WARN_OBJC_ROOT_CLASS = YES_ERROR;
				CLANG_WARN_QUOTED_INCLUDE_IN_FRAMEWORK_HEADER = YES;
				CLANG_WARN_RANGE_LOOP_ANALYSIS = YES;
				CLANG_WARN_STRICT_PROTOTYPES = YES;
				CLANG_WARN_SUSPICIOUS_MOVE = YES;
				CLANG_WARN_UNGUARDED_AVAILABILITY = YES_AGGRESSIVE;
				CLANG_WARN_UNREACHABLE_CODE = YES;
				CLANG_WARN__DUPLICATE_METHOD_MATCH = YES;
				COPY_PHASE_STRIP = NO;
				DEBUG_INFORMATION_FORMAT = "dwarf-with-dsym";
				ENABLE_NS_ASSERTIONS = NO;
				ENABLE_STRICT_OBJC_MSGSEND = YES;
				GCC_C_LANGUAGE_STANDARD = gnu11;
				GCC_NO_COMMON_BLOCKS = YES;
				GCC_WARN_64_TO_32_BIT_CONVERSION = YES;
				GCC_WARN_ABOUT_RETURN_TYPE = YES_ERROR;
				GCC_WARN_UNDECLARED_SELECTOR = YES;
				GCC_WARN_UNINITIALIZED_AUTOS = YES_AGGRESSIVE;
				GCC_WARN_UNUSED_FUNCTION = YES;
				GCC_WARN_UNUSED_VARIABLE = YES;
				IPHONEOS_DEPLOYMENT_TARGET = 15.2;
				MTL_ENABLE_DEBUG_INFO = NO;
				MTL_FAST_MATH = YES;
				SDKROOT = iphoneos;
				SWIFT_COMPILATION_MODE = wholemodule;
				SWIFT_OPTIMIZATION_LEVEL = "-O";
				VALIDATE_PRODUCT = YES;
			};
			name = Release;
		};
		D4ED7BF2288E941000806A4F /* Debug */ = {
			isa = XCBuildConfiguration;
			buildSettings = {
				ASSETCATALOG_COMPILER_APPICON_NAME = AppIcon;
				ASSETCATALOG_COMPILER_GLOBAL_ACCENT_COLOR_NAME = AccentColor;
				CODE_SIGN_STYLE = Automatic;
				CURRENT_PROJECT_VERSION = 1;
				DEVELOPMENT_ASSET_PATHS = "\"TWO_MyAssets/Preview Content\"";
				DEVELOPMENT_TEAM = 6V8879W55Z;
				ENABLE_PREVIEWS = YES;
				GENERATE_INFOPLIST_FILE = YES;
				INFOPLIST_KEY_UIApplicationSceneManifest_Generation = YES;
				INFOPLIST_KEY_UIApplicationSupportsIndirectInputEvents = YES;
				INFOPLIST_KEY_UILaunchScreen_Generation = YES;
				INFOPLIST_KEY_UISupportedInterfaceOrientations_iPad = "UIInterfaceOrientationPortrait UIInterfaceOrientationPortraitUpsideDown UIInterfaceOrientationLandscapeLeft UIInterfaceOrientationLandscapeRight";
				INFOPLIST_KEY_UISupportedInterfaceOrientations_iPhone = "UIInterfaceOrientationPortrait UIInterfaceOrientationLandscapeLeft UIInterfaceOrientationLandscapeRight";
				INFOPLIST_KEY_UIUserInterfaceStyle = Light;
				LD_RUNPATH_SEARCH_PATHS = (
					"$(inherited)",
					"@executable_path/Frameworks",
				);
				MARKETING_VERSION = 1.0;
				PRODUCT_BUNDLE_IDENTIFIER = "com.TWO-MyAssets";
				PRODUCT_NAME = "$(TARGET_NAME)";
				SWIFT_EMIT_LOC_STRINGS = YES;
				SWIFT_VERSION = 5.0;
				TARGETED_DEVICE_FAMILY = "1,2";
			};
			name = Debug;
		};
		D4ED7BF3288E941000806A4F /* Release */ = {
			isa = XCBuildConfiguration;
			buildSettings = {
				ASSETCATALOG_COMPILER_APPICON_NAME = AppIcon;
				ASSETCATALOG_COMPILER_GLOBAL_ACCENT_COLOR_NAME = AccentColor;
				CODE_SIGN_STYLE = Automatic;
				CURRENT_PROJECT_VERSION = 1;
				DEVELOPMENT_ASSET_PATHS = "\"TWO_MyAssets/Preview Content\"";
				DEVELOPMENT_TEAM = 6V8879W55Z;
				ENABLE_PREVIEWS = YES;
				GENERATE_INFOPLIST_FILE = YES;
				INFOPLIST_KEY_UIApplicationSceneManifest_Generation = YES;
				INFOPLIST_KEY_UIApplicationSupportsIndirectInputEvents = YES;
				INFOPLIST_KEY_UILaunchScreen_Generation = YES;
				INFOPLIST_KEY_UISupportedInterfaceOrientations_iPad = "UIInterfaceOrientationPortrait UIInterfaceOrientationPortraitUpsideDown UIInterfaceOrientationLandscapeLeft UIInterfaceOrientationLandscapeRight";
				INFOPLIST_KEY_UISupportedInterfaceOrientations_iPhone = "UIInterfaceOrientationPortrait UIInterfaceOrientationLandscapeLeft UIInterfaceOrientationLandscapeRight";
				INFOPLIST_KEY_UIUserInterfaceStyle = Light;
				LD_RUNPATH_SEARCH_PATHS = (
					"$(inherited)",
					"@executable_path/Frameworks",
				);
				MARKETING_VERSION = 1.0;
				PRODUCT_BUNDLE_IDENTIFIER = "com.TWO-MyAssets";
				PRODUCT_NAME = "$(TARGET_NAME)";
				SWIFT_EMIT_LOC_STRINGS = YES;
				SWIFT_VERSION = 5.0;
				TARGETED_DEVICE_FAMILY = "1,2";
			};
			name = Release;
		};
/* End XCBuildConfiguration section */

/* Begin XCConfigurationList section */
		D4ED7BDE288E940D00806A4F /* Build configuration list for PBXProject "TWO_MyAssets" */ = {
			isa = XCConfigurationList;
			buildConfigurations = (
				D4ED7BEF288E941000806A4F /* Debug */,
				D4ED7BF0288E941000806A4F /* Release */,
			);
			defaultConfigurationIsVisible = 0;
			defaultConfigurationName = Release;
		};
		D4ED7BF1288E941000806A4F /* Build configuration list for PBXNativeTarget "TWO_MyAssets" */ = {
			isa = XCConfigurationList;
			buildConfigurations = (
				D4ED7BF2288E941000806A4F /* Debug */,
				D4ED7BF3288E941000806A4F /* Release */,
			);
			defaultConfigurationIsVisible = 0;
			defaultConfigurationName = Release;
		};
/* End XCConfigurationList section */
	};
	rootObject = D4ED7BDB288E940D00806A4F /* Project object */;
}
